{
  "version": 4,
  "terraform_version": "1.15.8",
  "serial": 23,
  "lineage": "34501c8f-d2f9-1de6-076b-bc2b51a344aa",
  "outputs": {
    "ecr_repository_url": {
      "value": "424322298651.dkr.ecr.eu-central-1.amazonaws.com/bookmark-api",
      "type": "string"
    },
    "github_actions_role_arn": {
      "value": "arn:aws:iam::424322298651:role/bookmark-github-actions",
      "type": "string"
    },
    "state_bucket_name": {
      "value": "bookmark-tfstate-424322298651",
      "type": "string"
    }
  },
  "resources": [
    {
      "mode": "data",
      "type": "aws_caller_identity",
      "name": "current",
      "provider": "provider[\"registry.terraform.io/hashicorp/aws\"]",
      "instances": [
        {
          "schema_version": 0,
          "attributes": {
            "account_id": "424322298651",
            "arn": "arn:aws:iam::424322298651:user/Mateo",
            "id": "424322298651",
            "user_id": "AIDAWFS4UOMN5VHF4SLZB"
          },
          "sensitive_attributes": [],
          "identity_schema_version": 0
        }
      ]
    },
    {
      "mode": "managed",
      "type": "aws_ecr_repository",
      "name": "api",
      "provider": "provider[\"registry.terraform.io/hashicorp/aws\"]",
      "instances": [
        {
          "schema_version": 0,
          "attributes": {
            "arn": "arn:aws:ecr:eu-central-1:424322298651:repository/bookmark-api",
            "encryption_configuration": [
              {
                "encryption_type": "AES256",
                "kms_key": ""
              }
            ],
            "force_delete": null,
            "id": "bookmark-api",
            "image_scanning_configuration": [
              {
                "scan_on_push": true
              }
            ],
            "image_tag_mutability": "IMMUTABLE",
            "image_tag_mutability_exclusion_filter": [],
            "name": "bookmark-api",
            "region": "eu-central-1",
            "registry_id": "424322298651",
            "repository_url": "424322298651.dkr.ecr.eu-central-1.amazonaws.com/bookmark-api",
            "tags": {
              "Name": "bookmark-api"
            },
            "tags_all": {
              "Name": "bookmark-api"
            },
            "timeouts": null
          },
          "sensitive_attributes": [],
          "identity_schema_version": 0,
          "identity": {
            "account_id": "424322298651",
            "name": "bookmark-api",
            "region": "eu-central-1"
          },
          "private": "eyJlMmJmYjczMC1lY2FhLTExZTYtOGY4OC0zNDM2M2JjN2M0YzAiOnsiZGVsZXRlIjoxMjAwMDAwMDAwMDAwfX0="
        }
      ]
    },
    {
      "mode": "managed",
      "type": "aws_iam_openid_connect_provider",
      "name": "github",
      "provider": "provider[\"registry.terraform.io/hashicorp/aws\"]",
      "instances": [
        {
          "schema_version": 0,
          "attributes": {
            "arn": "arn:aws:iam::424322298651:oidc-provider/token.actions.githubusercontent.com",
            "client_id_list": [
              "sts.amazonaws.com"
            ],
            "id": "arn:aws:iam::424322298651:oidc-provider/token.actions.githubusercontent.com",
            "tags": {},
            "tags_all": {},
            "thumbprint_list": [
              "ab9d0263244dd0326eb67015705a667e79cfe998"
            ],
            "url": "token.actions.githubusercontent.com"
          },
          "sensitive_attributes": [],
          "identity_schema_version": 0,
          "identity": {
            "arn": "arn:aws:iam::424322298651:oidc-provider/token.actions.githubusercontent.com"
          },
          "private": "bnVsbA=="
        }
      ]
    },
    {
      "mode": "managed",
      "type": "aws_iam_policy",
      "name": "github_ecr_push",
      "provider": "provider[\"registry.terraform.io/hashicorp/aws\"]",
      "instances": [
        {
          "schema_version": 0,
          "attributes": {
            "arn": "arn:aws:iam::424322298651:policy/bookmark-github-ecr-push",
            "attachment_count": 1,
            "delay_after_policy_creation_in_ms": null,
            "description": "",
            "id": "arn:aws:iam::424322298651:policy/bookmark-github-ecr-push",
            "name": "bookmark-github-ecr-push",
            "name_prefix": "",
            "path": "/",
            "policy": "{\"Statement\":[{\"Action\":[\"ecr:GetAuthorizationToken\"],\"Effect\":\"Allow\",\"Resource\":\"*\"},{\"Action\":[\"ecr:BatchCheckLayerAvailability\",\"ecr:ListTagsForResource\",\"ecr:DescribeRepositories\",\"ecr:DescribeImages\",\"ecr:InitiateLayerUpload\",\"ecr:CompleteLayerUpload\",\"ecr:UploadLayerPart\",\"ecr:BatchGetImage\",\"ecr:PutImage\"],\"Effect\":\"Allow\",\"Resource\":\"arn:aws:ecr:eu-central-1:424322298651:repository/bookmark-api\"}],\"Version\":\"2012-10-17\"}",
            "policy_id": "ANPAWFS4UOMN64EY4OWGM",
            "tags": {},
            "tags_all": {}
          },
          "sensitive_attributes": [],
          "identity_schema_version": 0,
          "identity": {
            "arn": "arn:aws:iam::424322298651:policy/bookmark-github-ecr-push"
          },
          "private": "bnVsbA==",
          "dependencies": [
            "aws_ecr_repository.api"
          ]
        }
      ]
    },
    {
      "mode": "managed",
      "type": "aws_iam_policy",
      "name": "github_terraform_apply",
      "provider": "provider[\"registry.terraform.io/hashicorp/aws\"]",
      "instances": [
        {
          "schema_version": 0,
          "attributes": {
            "arn": "arn:aws:iam::424322298651:policy/bookmark-github-terraform-apply",
            "attachment_count": 1,
            "delay_after_policy_creation_in_ms": null,
            "description": "",
            "id": "arn:aws:iam::424322298651:policy/bookmark-github-terraform-apply",
            "name": "bookmark-github-terraform-apply",
            "name_prefix": "",
            "path": "/",
            "policy": "{\"Statement\":[{\"Action\":[\"ecs:*\",\"ec2:*\",\"rds:*\",\"logs:*\",\"elasticache:*\",\"secretsmanager:*\",\"elasticloadbalancing:*\"],\"Effect\":\"Allow\",\"Resource\":\"*\",\"Sid\":\"InfrastructureService\"},{\"Action\":\"s3:*\",\"Effect\":\"Allow\",\"Resource\":\"arn:aws:s3:::bookmark-screenshots-dev\",\"Sid\":\"ScreenshotBucket\"},{\"Action\":[\"iam:CreateRole\",\"iam:GetRole\",\"iam:DeleteRole\",\"iam:UpdateAssumeRolePolicy\",\"iam:TagRole\",\"iam:UntagRole\",\"iam:ListRolePolicies\",\"iam:ListAttachedRolePolicies\",\"iam:CreatePolicy\",\"iam:GetPolicy\",\"iam:GetPolicyVersion\",\"iam:ListPolicyVersions\",\"iam:CreatePolicyVersion\",\"iam:DeletePolicyVersion\",\"iam:DeletePolicy\",\"iam:TagPolicy\",\"iam:UntagPolicy\",\"iam:AttachRolePolicy\",\"iam:DetachRolePolicy\"],\"Effect\":\"Allow\",\"Resource\":[\"arn:aws:iam::424322298651:role/bookmark-ecs-execution-role\",\"arn:aws:iam::424322298651:role/bookmark-celery-role\",\"arn:aws:iam::424322298651:policy/bookmark-celery-s3\",\"arn:aws:iam::424322298651:policy/ecs-secrets-manager\"],\"Sid\":\"ManageBookmarkIAM\"},{\"Action\":\"iam:PassRole\",\"Condition\":{\"StringEquals\":{\"iam:PassedToService\":\"ecs-tasks.amazonaws.com\"}},\"Effect\":\"Allow\",\"Resource\":[\"arn:aws:iam::424322298651:role/bookmark-ecs-execution-role\",\"arn:aws:iam::424322298651:role/bookmark-celery-role\"],\"Sid\":\"PassBookmarkRolesToECS\"},{\"Action\":\"iam:CreateServiceLinkedRole\",\"Condition\":{\"StringEquals\":{\"iam:AWSServiceName\":[\"ecs.amazonaws.com\",\"elasticloadbalancing.amazonaws.com\",\"rds.amazonaws.com\",\"elasticache.amazonaws.com\"]}},\"Effect\":\"Allow\",\"Resource\":\"*\",\"Sid\":\"CreateRequiredServiceLinkedRoles\"}],\"Version\":\"2012-10-17\"}",
            "policy_id": "ANPAWFS4UOMNQIC2VQZ3L",
            "tags": {},
            "tags_all": {}
          },
          "sensitive_attributes": [],
          "identity_schema_version": 0,
          "identity": {
            "arn": "arn:aws:iam::424322298651:policy/bookmark-github-terraform-apply"
          },
          "private": "bnVsbA==",
          "dependencies": [
            "data.aws_caller_identity.current"
          ]
        }
      ]
    },
    {
      "mode": "managed",
      "type": "aws_iam_policy",
      "name": "github_terraform_state",
      "provider": "provider[\"registry.terraform.io/hashicorp/aws\"]",
      "instances": [
        {
          "schema_version": 0,
          "attributes": {
            "arn": "arn:aws:iam::424322298651:policy/bookmark-github-terraform-state",
            "attachment_count": 1,
            "delay_after_policy_creation_in_ms": null,
            "description": "",
            "id": "arn:aws:iam::424322298651:policy/bookmark-github-terraform-state",
            "name": "bookmark-github-terraform-state",
            "name_prefix": "",
            "path": "/",
            "policy": "{\"Statement\":[{\"Action\":[\"s3:ListBucket\"],\"Effect\":\"Allow\",\"Resource\":\"arn:aws:s3:::bookmark-tfstate-424322298651\"},{\"Action\":[\"s3:GetObject\",\"s3:PutObject\",\"s3:DeleteObject\"],\"Effect\":\"Allow\",\"Resource\":\"arn:aws:s3:::bookmark-tfstate-424322298651/bookmark/dev/*\"}],\"Version\":\"2012-10-17\"}",
            "policy_id": "ANPAWFS4UOMNW3723KCBO",
            "tags": {},
            "tags_all": {}
          },
          "sensitive_attributes": [],
          "identity_schema_version": 0,
          "identity": {
            "arn": "arn:aws:iam::424322298651:policy/bookmark-github-terraform-state"
          },
          "private": "bnVsbA==",
          "dependencies": [
            "aws_s3_bucket.terraform_state",
            "data.aws_caller_identity.current"
          ]
        }
      ]
    },
    {
      "mode": "managed",
      "type": "aws_iam_role",
      "name": "github_actions",
      "provider": "provider[\"registry.terraform.io/hashicorp/aws\"]",
      "instances": [
        {
          "schema_version": 0,
          "attributes": {
            "arn": "arn:aws:iam::424322298651:role/bookmark-github-actions",
            "assume_role_policy": "{\"Statement\":[{\"Action\":\"sts:AssumeRoleWithWebIdentity\",\"Condition\":{\"StringEquals\":{\"token.actions.githubusercontent.com:aud\":\"sts.amazonaws.com\",\"token.actions.githubusercontent.com:sub\":\"repo:Krupsinko/Bookmark:ref:refs/heads/main\"}},\"Effect\":\"Allow\",\"Principal\":{\"Federated\":\"arn:aws:iam::424322298651:oidc-provider/token.actions.githubusercontent.com\"}}],\"Version\":\"2012-10-17\"}",
            "create_date": "2026-09-09T09:22:41Z",
            "description": "",
            "force_detach_policies": false,
            "id": "bookmark-github-actions",
            "inline_policy": [],
            "managed_policy_arns": [
              "arn:aws:iam::424322298651:policy/bookmark-github-ecr-push",
              "arn:aws:iam::424322298651:policy/bookmark-github-terraform-apply",
              "arn:aws:iam::424322298651:policy/bookmark-github-terraform-state"
            ],
            "max_session_duration": 3600,
            "name": "bookmark-github-actions",
            "name_prefix": "",
            "path": "/",
            "permissions_boundary": "",
            "tags": {},
            "tags_all": {},
            "unique_id": "AROAWFS4UOMNZSSJEG7I4"
          },
          "sensitive_attributes": [],
          "identity_schema_version": 0,
          "identity": {
            "account_id": "424322298651",
            "name": "bookmark-github-actions"
          },
          "private": "bnVsbA==",
          "dependencies": [
            "aws_iam_openid_connect_provider.github"
          ]
        }
      ]
    },
    {
      "mode": "managed",
      "type": "aws_iam_role_policy_attachment",
      "name": "github_ecr_push",
      "provider": "provider[\"registry.terraform.io/hashicorp/aws\"]",
      "instances": [
        {
          "schema_version": 0,
          "attributes": {
            "id": "bookmark-github-actions/arn:aws:iam::424322298651:policy/bookmark-github-ecr-push",
            "policy_arn": "arn:aws:iam::424322298651:policy/bookmark-github-ecr-push",
            "role": "bookmark-github-actions"
          },
          "sensitive_attributes": [],
          "identity_schema_version": 0,
          "identity": {
            "account_id": "424322298651",
            "policy_arn": "arn:aws:iam::424322298651:policy/bookmark-github-ecr-push",
            "role": "bookmark-github-actions"
          },
          "private": "bnVsbA==",
          "dependencies": [
            "aws_ecr_repository.api",
            "aws_iam_openid_connect_provider.github",
            "aws_iam_policy.github_ecr_push",
            "aws_iam_role.github_actions"
          ]
        }
      ]
    },
    {
      "mode": "managed",
      "type": "aws_iam_role_policy_attachment",
      "name": "github_terraform_apply",
      "provider": "provider[\"registry.terraform.io/hashicorp/aws\"]",
      "instances": [
        {
          "schema_version": 0,
          "attributes": {
            "id": "bookmark-github-actions/arn:aws:iam::424322298651:policy/bookmark-github-terraform-apply",
            "policy_arn": "arn:aws:iam::424322298651:policy/bookmark-github-terraform-apply",
            "role": "bookmark-github-actions"
          },
          "sensitive_attributes": [],
          "identity_schema_version": 0,
          "identity": {
            "account_id": "424322298651",
            "policy_arn": "arn:aws:iam::424322298651:policy/bookmark-github-terraform-apply",
            "role": "bookmark-github-actions"
          },
          "private": "bnVsbA==",
          "dependencies": [
            "aws_iam_openid_connect_provider.github",
            "aws_iam_policy.github_terraform_apply",
            "aws_iam_role.github_actions",
            "data.aws_caller_identity.current"
          ]
        }
      ]
    },
    {
      "mode": "managed",
      "type": "aws_iam_role_policy_attachment",
      "name": "github_terraform_state",
      "provider": "provider[\"registry.terraform.io/hashicorp/aws\"]",
      "instances": [
        {
          "schema_version": 0,
          "attributes": {
            "id": "bookmark-github-actions/arn:aws:iam::424322298651:policy/bookmark-github-terraform-state",
            "policy_arn": "arn:aws:iam::424322298651:policy/bookmark-github-terraform-state",
            "role": "bookmark-github-actions"
          },
          "sensitive_attributes": [],
          "identity_schema_version": 0,
          "identity": {
            "account_id": "424322298651",
            "policy_arn": "arn:aws:iam::424322298651:policy/bookmark-github-terraform-state",
            "role": "bookmark-github-actions"
          },
          "private": "bnVsbA==",
          "dependencies": [
            "aws_iam_openid_connect_provider.github",
            "aws_iam_policy.github_terraform_state",
            "aws_iam_role.github_actions",
            "aws_s3_bucket.terraform_state",
            "data.aws_caller_identity.current"
          ]
        }
      ]
    },
    {
      "mode": "managed",
      "type": "aws_s3_bucket",
      "name": "terraform_state",
      "provider": "provider[\"registry.terraform.io/hashicorp/aws\"]",
      "instances": [
        {
          "schema_version": 0,
          "attributes": {
            "acceleration_status": "",
            "acl": null,
            "arn": "arn:aws:s3:::bookmark-tfstate-424322298651",
            "bucket": "bookmark-tfstate-424322298651",
            "bucket_domain_name": "bookmark-tfstate-424322298651.s3.amazonaws.com",
            "bucket_namespace": "global",
            "bucket_prefix": "",
            "bucket_region": "eu-central-1",
            "bucket_regional_domain_name": "bookmark-tfstate-424322298651.s3.eu-central-1.amazonaws.com",
            "cors_rule": [],
            "force_destroy": false,
            "grant": [
              {
                "id": "49944a8104d4d3c03ae9fd864f4e0f4779da33a857c03c5b5c72ed3157b3a942",
                "permissions": [
                  "FULL_CONTROL"
                ],
                "type": "CanonicalUser",
                "uri": ""
              }
            ],
            "hosted_zone_id": "Z21DNDUVLTQW6Q",
            "id": "bookmark-tfstate-424322298651",
            "lifecycle_rule": [],
            "logging": [],
            "object_lock_configuration": [],
            "object_lock_enabled": false,
            "policy": "",
            "region": "eu-central-1",
            "replication_configuration": [],
            "request_payer": "BucketOwner",
            "server_side_encryption_configuration": [
              {
                "rule": [
                  {
                    "apply_server_side_encryption_by_default": [
                      {
                        "kms_master_key_id": "",
                        "sse_algorithm": "AES256"
                      }
                    ],
                    "bucket_key_enabled": false
                  }
                ]
              }
            ],
            "tags": {
              "Name": "bookmark-terraform-state"
            },
            "tags_all": {
              "Name": "bookmark-terraform-state"
            },
            "timeouts": null,
            "versioning": [
              {
                "enabled": true,
                "mfa_delete": false
              }
            ],
            "website": [],
            "website_domain": null,
            "website_endpoint": null
          },
          "sensitive_attributes": [],
          "identity_schema_version": 0,
          "identity": {
            "account_id": "424322298651",
            "bucket": "bookmark-tfstate-424322298651",
            "region": "eu-central-1"
          },
          "private": "eyJlMmJmYjczMC1lY2FhLTExZTYtOGY4OC0zNDM2M2JjN2M0YzAiOnsiY3JlYXRlIjoxMjAwMDAwMDAwMDAwLCJkZWxldGUiOjM2MDAwMDAwMDAwMDAsInJlYWQiOjEyMDAwMDAwMDAwMDAsInVwZGF0ZSI6MTIwMDAwMDAwMDAwMH19",
          "dependencies": [
            "data.aws_caller_identity.current"
          ]
        }
      ]
    },
    {
      "mode": "managed",
      "type": "aws_s3_bucket_public_access_block",
      "name": "terraform_state",
      "provider": "provider[\"registry.terraform.io/hashicorp/aws\"]",
      "instances": [
        {
          "schema_version": 0,
          "attributes": {
            "block_public_acls": true,
            "block_public_policy": true,
            "bucket": "bookmark-tfstate-424322298651",
            "id": "bookmark-tfstate-424322298651",
            "ignore_public_acls": true,
            "region": "eu-central-1",
            "restrict_public_buckets": true,
            "skip_destroy": null
          },
          "sensitive_attributes": [],
          "identity_schema_version": 0,
          "identity": {
            "account_id": "424322298651",
            "bucket": "bookmark-tfstate-424322298651",
            "region": "eu-central-1"
          },
          "private": "bnVsbA==",
          "dependencies": [
            "aws_s3_bucket.terraform_state",
            "data.aws_caller_identity.current"
          ]
        }
      ]
    },
    {
      "mode": "managed",
      "type": "aws_s3_bucket_server_side_encryption_configuration",
      "name": "terraform_state",
      "provider": "provider[\"registry.terraform.io/hashicorp/aws\"]",
      "instances": [
        {
          "schema_version": 0,
          "attributes": {
            "bucket": "bookmark-tfstate-424322298651",
            "expected_bucket_owner": "",
            "id": "bookmark-tfstate-424322298651",
            "region": "eu-central-1",
            "rule": [
              {
                "apply_server_side_encryption_by_default": [
                  {
                    "kms_master_key_id": "",
                    "sse_algorithm": "AES256"
                  }
                ],
                "blocked_encryption_types": [
                  "SSE-C"
                ],
                "bucket_key_enabled": false
              }
            ]
          },
          "sensitive_attributes": [],
          "identity_schema_version": 1,
          "identity": {
            "account_id": "424322298651",
            "bucket": "bookmark-tfstate-424322298651",
            "region": "eu-central-1"
          },
          "private": "bnVsbA==",
          "dependencies": [
            "aws_s3_bucket.terraform_state",
            "data.aws_caller_identity.current"
          ]
        }
      ]
    },
    {
      "mode": "managed",
      "type": "aws_s3_bucket_versioning",
      "name": "terraform_state",
      "provider": "provider[\"registry.terraform.io/hashicorp/aws\"]",
      "instances": [
        {
          "schema_version": 0,
          "attributes": {
            "bucket": "bookmark-tfstate-424322298651",
            "expected_bucket_owner": "",
            "id": "bookmark-tfstate-424322298651",
            "mfa": null,
            "region": "eu-central-1",
            "versioning_configuration": [
              {
                "mfa_delete": "Disabled",
                "status": "Enabled"
              }
            ]
          },
          "sensitive_attributes": [],
          "identity_schema_version": 1,
          "identity": {
            "account_id": "424322298651",
            "bucket": "bookmark-tfstate-424322298651",
            "region": "eu-central-1"
          },
          "private": "bnVsbA==",
          "dependencies": [
            "aws_s3_bucket.terraform_state",
            "data.aws_caller_identity.current"
          ]
        }
      ]
    }
  ],
  "check_results": null
}
